// !$*UTF8*$!
{
	archiveVersion = 1;
	classes = {
	};
	objectVersion = 46;
	objects = {

/* Begin PBXBuildFile section */
		7C3EBACA1E47E8E6002D7D01 /* main.cpp in Sources */ = {isa = PBXBuildFile; fileRef = 7C3EBAC91E47E8E6002D7D01 /* main.cpp */; };
		7C8176AB207D763A00A6A2D5 /* TestMatrix.cpp in Sources */ = {isa = PBXBuildFile; fileRef = 7C8176A9207D763A00A6A2D5 /* TestMatrix.cpp */; };
/* End PBXBuildFile section */

/* Begin PBXCopyFilesBuildPhase section */
		7C3EBAC41E47E8E6002D7D01 /* CopyFiles */ = {
			isa = PBXCopyFilesBuildPhase;
			buildActionMask = 2147483647;
			dstPath = /usr/share/man/man1/;
			dstSubfolderSpec = 0;
			files = (
			);
			runOnlyForDeploymentPostprocessing = 1;
		};
/* End PBXCopyFilesBuildPhase section */

/* Begin PBXFileReference section */
		7C3EBAC61E47E8E6002D7D01 /* matrix */ = {isa = PBXFileReference; explicitFileType = "compiled.mach-o.executable"; includeInIndex = 0; path = matrix; sourceTree = BUILT_PRODUCTS_DIR; };
		7C3EBAC91E47E8E6002D7D01 /* main.cpp */ = {isa = PBXFileReference; lastKnownFileType = sourcecode.cpp.cpp; path = main.cpp; sourceTree = "<group>"; };
		7C8176A6207D75CB00A6A2D5 /* Matrix.hpp */ = {isa = PBXFileReference; fileEncoding = 4; lastKnownFileType = sourcecode.cpp.h; path = Matrix.hpp; sourceTree = "<group>"; };
		7C8176A7207D75E500A6A2D5 /* ForIter.hpp */ = {isa = PBXFileReference; fileEncoding = 4; lastKnownFileType = sourcecode.cpp.h; path = ForIter.hpp; sourceTree = "<group>"; };
		7C8176A9207D763A00A6A2D5 /* TestMatrix.cpp */ = {isa = PBXFileReference; lastKnownFileType = sourcecode.cpp.cpp; path = TestMatrix.cpp; sourceTree = "<group>"; };
		7C8176AA207D763A00A6A2D5 /* TestMatrix.hpp */ = {isa = PBXFileReference; lastKnownFileType = sourcecode.cpp.h; path = TestMatrix.hpp; sourceTree = "<group>"; };
		C34983AB2086415A00403FE9 /* Debug.hpp */ = {isa = PBXFileReference; lastKnownFileType = sourcecode.cpp.h; path = Debug.hpp; sourceTree = "<group>"; };
		C34983AC2086574500403FE9 /* Multiplicable.hpp */ = {isa = PBXFileReference; lastKnownFileType = sourcecode.cpp.h; path = Multiplicable.hpp; sourceTree = "<group>"; };
		C3B27B77207E2DB6000D96E8 /* MatrixAdapter.hpp */ = {isa = PBXFileReference; lastKnownFileType = sourcecode.cpp.h; path = MatrixAdapter.hpp; sourceTree = "<group>"; };
		C3B27B78207E3630000D96E8 /* Transpond.hpp */ = {isa = PBXFileReference; lastKnownFileType = sourcecode.cpp.h; path = Transpond.hpp; sourceTree = "<group>"; };
		C3B27B79207E3D6C000D96E8 /* SliceIter.hpp */ = {isa = PBXFileReference; lastKnownFileType = sourcecode.cpp.h; path = SliceIter.hpp; sourceTree = "<group>"; };
		C3B27B7A207E463B000D96E8 /* Minor.hpp */ = {isa = PBXFileReference; lastKnownFileType = sourcecode.cpp.h; path = Minor.hpp; sourceTree = "<group>"; };
		C3B27B7D207E7B95000D96E8 /* ForIterable.hpp */ = {isa = PBXFileReference; lastKnownFileType = sourcecode.cpp.h; path = ForIterable.hpp; sourceTree = "<group>"; };
		C3B27B7E207E8D48000D96E8 /* MinorEx.hpp */ = {isa = PBXFileReference; lastKnownFileType = sourcecode.cpp.h; path = MinorEx.hpp; sourceTree = "<group>"; };
		C3B27B7F207EAF9B000D96E8 /* Determinant.hpp */ = {isa = PBXFileReference; lastKnownFileType = sourcecode.cpp.h; path = Determinant.hpp; sourceTree = "<group>"; };
		C3B27B9220810306000D96E8 /* Exchange.h */ = {isa = PBXFileReference; lastKnownFileType = sourcecode.c.h; path = Exchange.h; sourceTree = "<group>"; };
		C3B27B9320810B3D000D96E8 /* Ostreamable.hpp */ = {isa = PBXFileReference; lastKnownFileType = sourcecode.cpp.h; path = Ostreamable.hpp; sourceTree = "<group>"; };
		C3B3FB2020813B5A00C2E3B2 /* Equitable.hpp */ = {isa = PBXFileReference; lastKnownFileType = sourcecode.cpp.h; path = Equitable.hpp; sourceTree = "<group>"; };
		C3B3FB21208518CD00C2E3B2 /* CopylessHolder.hpp */ = {isa = PBXFileReference; lastKnownFileType = sourcecode.cpp.h; path = CopylessHolder.hpp; sourceTree = "<group>"; };
/* End PBXFileReference section */

/* Begin PBXFrameworksBuildPhase section */
		7C3EBAC31E47E8E6002D7D01 /* Frameworks */ = {
			isa = PBXFrameworksBuildPhase;
			buildActionMask = 2147483647;
			files = (
			);
			runOnlyForDeploymentPostprocessing = 0;
		};
/* End PBXFrameworksBuildPhase section */

/* Begin PBXGroup section */
		7C3EBABD1E47E8E6002D7D01 = {
			isa = PBXGroup;
			children = (
				7C3EBAC81E47E8E6002D7D01 /* matrix */,
				7C3EBAC71E47E8E6002D7D01 /* Products */,
			);
			sourceTree = "<group>";
		};
		7C3EBAC71E47E8E6002D7D01 /* Products */ = {
			isa = PBXGroup;
			children = (
				7C3EBAC61E47E8E6002D7D01 /* matrix */,
			);
			name = Products;
			sourceTree = "<group>";
		};
		7C3EBAC81E47E8E6002D7D01 /* matrix */ = {
			isa = PBXGroup;
			children = (
				C34983AB2086415A00403FE9 /* Debug.hpp */,
				7C8176A7207D75E500A6A2D5 /* ForIter.hpp */,
				C3B27B7D207E7B95000D96E8 /* ForIterable.hpp */,
				C3B27B9320810B3D000D96E8 /* Ostreamable.hpp */,
				C3B3FB2020813B5A00C2E3B2 /* Equitable.hpp */,
				C34983AC2086574500403FE9 /* Multiplicable.hpp */,
				C3B3FB21208518CD00C2E3B2 /* CopylessHolder.hpp */,
				C3B27B79207E3D6C000D96E8 /* SliceIter.hpp */,
				7C8176A6207D75CB00A6A2D5 /* Matrix.hpp */,
				C3B27B77207E2DB6000D96E8 /* MatrixAdapter.hpp */,
				C3B27B78207E3630000D96E8 /* Transpond.hpp */,
				C3B27B7A207E463B000D96E8 /* Minor.hpp */,
				C3B27B7E207E8D48000D96E8 /* MinorEx.hpp */,
				C3B27B9220810306000D96E8 /* Exchange.h */,
				C3B27B7F207EAF9B000D96E8 /* Determinant.hpp */,
				7C3EBAC91E47E8E6002D7D01 /* main.cpp */,
				7C8176A8207D761B00A6A2D5 /* tests */,
			);
			path = matrix;
			sourceTree = "<group>";
		};
		7C8176A8207D761B00A6A2D5 /* tests */ = {
			isa = PBXGroup;
			children = (
				7C8176AA207D763A00A6A2D5 /* TestMatrix.hpp */,
				7C8176A9207D763A00A6A2D5 /* TestMatrix.cpp */,
			);
			path = tests;
			sourceTree = "<group>";
		};
/* End PBXGroup section */

/* Begin PBXNativeTarget section */
		7C3EBAC51E47E8E6002D7D01 /* matrix */ = {
			isa = PBXNativeTarget;
			buildConfigurationList = 7C3EBACD1E47E8E6002D7D01 /* Build configuration list for PBXNativeTarget "matrix" */;
			buildPhases = (
				7C3EBAC21E47E8E6002D7D01 /* Sources */,
				7C3EBAC31E47E8E6002D7D01 /* Frameworks */,
				7C3EBAC41E47E8E6002D7D01 /* CopyFiles */,
			);
			buildRules = (
			);
			dependencies = (
			);
			name = matrix;
			productName = matrix;
			productReference = 7C3EBAC61E47E8E6002D7D01 /* matrix */;
			productType = "com.apple.product-type.tool";
		};
/* End PBXNativeTarget section */

/* Begin PBXProject section */
		7C3EBABE1E47E8E6002D7D01 /* Project object */ = {
			isa = PBXProject;
			attributes = {
				LastUpgradeCheck = 0930;
				ORGANIZATIONNAME = "Oleg Bakharev";
				TargetAttributes = {
					7C3EBAC51E47E8E6002D7D01 = {
						CreatedOnToolsVersion = 7.3.1;
					};
				};
			};
			buildConfigurationList = 7C3EBAC11E47E8E6002D7D01 /* Build configuration list for PBXProject "matrix" */;
			compatibilityVersion = "Xcode 3.2";
			developmentRegion = English;
			hasScannedForEncodings = 0;
			knownRegions = (
				en,
			);
			mainGroup = 7C3EBABD1E47E8E6002D7D01;
			productRefGroup = 7C3EBAC71E47E8E6002D7D01 /* Products */;
			projectDirPath = "";
			projectRoot = "";
			targets = (
				7C3EBAC51E47E8E6002D7D01 /* matrix */,
			);
		};
/* End PBXProject section */

/* Begin PBXSourcesBuildPhase section */
		7C3EBAC21E47E8E6002D7D01 /* Sources */ = {
			isa = PBXSourcesBuildPhase;
			buildActionMask = 2147483647;
			files = (
				7C8176AB207D763A00A6A2D5 /* TestMatrix.cpp in Sources */,
				7C3EBACA1E47E8E6002D7D01 /* main.cpp in Sources */,
			);
			runOnlyForDeploymentPostprocessing = 0;
		};
/* End PBXSourcesBuildPhase section */

/* Begin XCBuildConfiguration section */
		7C3EBACB1E47E8E6002D7D01 /* Debug */ = {
			isa = XCBuildConfiguration;
			buildSettings = {
				ALWAYS_SEARCH_USER_PATHS = NO;
				CLANG_ANALYZER_NONNULL = YES;
				CLANG_CXX_LANGUAGE_STANDARD = "gnu++0x";
				CLANG_CXX_LIBRARY = "libc++";
				CLANG_ENABLE_MODULES = YES;
				CLANG_ENABLE_OBJC_ARC = YES;
				CLANG_WARN_BLOCK_CAPTURE_AUTORELEASING = YES;
				CLANG_WARN_BOOL_CONVERSION = YES;
				CLANG_WARN_COMMA = YES;
				CLANG_WARN_CONSTANT_CONVERSION = YES;
				CLANG_WARN_DEPRECATED_OBJC_IMPLEMENTATIONS = YES;
				CLANG_WARN_DIRECT_OBJC_ISA_USAGE = YES_ERROR;
				CLANG_WARN_EMPTY_BODY = YES;
				CLANG_WARN_ENUM_CONVERSION = YES;
				CLANG_WARN_INFINITE_RECURSION = YES;
				CLANG_WARN_INT_CONVERSION = YES;
				CLANG_WARN_NON_LITERAL_NULL_CONVERSION = YES;
				CLANG_WARN_OBJC_IMPLICIT_RETAIN_SELF = YES;
				CLANG_WARN_OBJC_LITERAL_CONVERSION = YES;
				CLANG_WARN_OBJC_ROOT_CLASS = YES_ERROR;
				CLANG_WARN_RANGE_LOOP_ANALYSIS = YES;
				CLANG_WARN_STRICT_PROTOTYPES = YES;
				CLANG_WARN_SUSPICIOUS_MOVE = YES;
				CLANG_WARN_UNREACHABLE_CODE = YES;
				CLANG_WARN__DUPLICATE_METHOD_MATCH = YES;
				CODE_SIGN_IDENTITY = "-";
				COPY_PHASE_STRIP = NO;
				DEBUG_INFORMATION_FORMAT = dwarf;
				ENABLE_STRICT_OBJC_MSGSEND = YES;
				ENABLE_TESTABILITY = YES;
				GCC_C_LANGUAGE_STANDARD = gnu99;
				GCC_DYNAMIC_NO_PIC = NO;
				GCC_NO_COMMON_BLOCKS = YES;
				GCC_OPTIMIZATION_LEVEL = 0;
				GCC_PREPROCESSOR_DEFINITIONS = (
					"DEBUG=1",
					"$(inherited)",
				);
				GCC_WARN_64_TO_32_BIT_CONVERSION = YES;
				GCC_WARN_ABOUT_RETURN_TYPE = YES_ERROR;
				GCC_WARN_UNDECLARED_SELECTOR = YES;
				GCC_WARN_UNINITIALIZED_AUTOS = YES_AGGRESSIVE;
				GCC_WARN_UNUSED_FUNCTION = YES;
				GCC_WARN_UNUSED_VARIABLE = YES;
				MACOSX_DEPLOYMENT_TARGET = 10.11;
				MTL_ENABLE_DEBUG_INFO = YES;
				ONLY_ACTIVE_ARCH = YES;
				SDKROOT = macosx;
			};
			name = Debug;
		};
		7C3EBACC1E47E8E6002D7D01 /* Release */ = {
			isa = XCBuildConfiguration;
			buildSettings = {
				ALWAYS_SEARCH_USER_PATHS = NO;
				CLANG_ANALYZER_NONNULL = YES;
				CLANG_CXX_LANGUAGE_STANDARD = "gnu++0x";
				CLANG_CXX_LIBRARY = "libc++";
				CLANG_ENABLE_MODULES = YES;
				CLANG_ENABLE_OBJC_ARC = YES;
				CLANG_WARN_BLOCK_CAPTURE_AUTORELEASING = YES;
				CLANG_WARN_BOOL_CONVERSION = YES;
				CLANG_WARN_COMMA = YES;
				CLANG_WARN_CONSTANT_CONVERSION = YES;
				CLANG_WARN_DEPRECATED_OBJC_IMPLEMENTATIONS = YES;
				CLANG_WARN_DIRECT_OBJC_ISA_USAGE = YES_ERROR;
				CLANG_WARN_EMPTY_BODY = YES;
				CLANG_WARN_ENUM_CONVERSION = YES;
				CLANG_WARN_INFINITE_RECURSION = YES;
				CLANG_WARN_INT_CONVERSION = YES;
				CLANG_WARN_NON_LITERAL_NULL_CONVERSION = YES;
				CLANG_WARN_OBJC_IMPLICIT_RETAIN_SELF = YES;
				CLANG_WARN_OBJC_LITERAL_CONVERSION = YES;
				CLANG_WARN_OBJC_ROOT_CLASS = YES_ERROR;
				CLANG_WARN_RANGE_LOOP_ANALYSIS = YES;
				CLANG_WARN_STRICT_PROTOTYPES = YES;
				CLANG_WARN_SUSPICIOUS_MOVE = YES;
				CLANG_WARN_UNREACHABLE_CODE = YES;
				CLANG_WARN__DUPLICATE_METHOD_MATCH = YES;
				CODE_SIGN_IDENTITY = "-";
				COPY_PHASE_STRIP = NO;
				DEBUG_INFORMATION_FORMAT = "dwarf-with-dsym";
				ENABLE_NS_ASSERTIONS = NO;
				ENABLE_STRICT_OBJC_MSGSEND = YES;
				GCC_C_LANGUAGE_STANDARD = gnu99;
				GCC_NO_COMMON_BLOCKS = YES;
				GCC_WARN_64_TO_32_BIT_CONVERSION = YES;
				GCC_WARN_ABOUT_RETURN_TYPE = YES_ERROR;
				GCC_WARN_UNDECLARED_SELECTOR = YES;
				GCC_WARN_UNINITIALIZED_AUTOS = YES_AGGRESSIVE;
				GCC_WARN_UNUSED_FUNCTION = YES;
				GCC_WARN_UNUSED_VARIABLE = YES;
				MACOSX_DEPLOYMENT_TARGET = 10.11;
				MTL_ENABLE_DEBUG_INFO = NO;
				SDKROOT = macosx;
			};
			name = Release;
		};
		7C3EBACE1E47E8E6002D7D01 /* Debug */ = {
			isa = XCBuildConfiguration;
			buildSettings = {
				PRODUCT_NAME = "$(TARGET_NAME)";
			};
			name = Debug;
		};
		7C3EBACF1E47E8E6002D7D01 /* Release */ = {
			isa = XCBuildConfiguration;
			buildSettings = {
				PRODUCT_NAME = "$(TARGET_NAME)";
			};
			name = Release;
		};
/* End XCBuildConfiguration section */

/* Begin XCConfigurationList section */
		7C3EBAC11E47E8E6002D7D01 /* Build configuration list for PBXProject "matrix" */ = {
			isa = XCConfigurationList;
			buildConfigurations = (
				7C3EBACB1E47E8E6002D7D01 /* Debug */,
				7C3EBACC1E47E8E6002D7D01 /* Release */,
			);
			defaultConfigurationIsVisible = 0;
			defaultConfigurationName = Release;
		};
		7C3EBACD1E47E8E6002D7D01 /* Build configuration list for PBXNativeTarget "matrix" */ = {
			isa = XCConfigurationList;
			buildConfigurations = (
				7C3EBACE1E47E8E6002D7D01 /* Debug */,
				7C3EBACF1E47E8E6002D7D01 /* Release */,
			);
			defaultConfigurationIsVisible = 0;
			defaultConfigurationName = Release;
		};
/* End XCConfigurationList section */
	};
	rootObject = 7C3EBABE1E47E8E6002D7D01 /* Project object */;
}
